
Microsoft Visual Studio Solution File, Format Version 12.00
# Visual Studio 2013
VisualStudioVersion = 12.0.31101.0
MinimumVisualStudioVersion = 10.0.40219.1
Project("{FAE04EC0-301F-11D3-BF4B-00C04F79EFBC}") = "Domain", "Domain\Domain.csproj", "{2CBE5AA1-7FA4-48F5-9395-7F190453F16E}"
EndProject
Project("{FAE04EC0-301F-11D3-BF4B-00C04F79EFBC}") = "Domain.Tests", "Domain.Tests\Domain.Tests.csproj", "{671D24E9-A7E8-4DD4-B825-EDAEEC95205E}"
EndProject
Project("{FAE04EC0-301F-11D3-BF4B-00C04F79EFBC}") = "Data", "Data\Data.csproj", "{015F52E4-3C43-4FD4-B63B-17F9CE8614C0}"
EndProject
Project("{FAE04EC0-301F-11D3-BF4B-00C04F79EFBC}") = "Data.Tests", "Data.Tests\Data.Tests.csproj", "{2D5F91AA-5B69-425C-8628-919B7F40977B}"
EndProject
Project("{FAE04EC0-301F-11D3-BF4B-00C04F79EFBC}") = "NotesConsole", "NotesConsole\NotesConsole.csproj", "{CFB55F14-D26B-4BB4-A5F0-9BCD9AE8B804}"
EndProject
Global
	GlobalSection(SolutionConfigurationPlatforms) = preSolution
		Debug|Any CPU = Debug|Any CPU
		Release|Any CPU = Release|Any CPU
	EndGlobalSection
	GlobalSection(ProjectConfigurationPlatforms) = postSolution
		{2CBE5AA1-7FA4-48F5-9395-7F190453F16E}.Debug|Any CPU.ActiveCfg = Debug|Any CPU
		{2CBE5AA1-7FA4-48F5-9395-7F190453F16E}.Debug|Any CPU.Build.0 = Debug|Any CPU
		{2CBE5AA1-7FA4-48F5-9395-7F190453F16E}.Release|Any CPU.ActiveCfg = Release|Any CPU
		{2CBE5AA1-7FA4-48F5-9395-7F190453F16E}.Release|Any CPU.Build.0 = Release|Any CPU
		{671D24E9-A7E8-4DD4-B825-EDAEEC95205E}.Debug|Any CPU.ActiveCfg = Debug|Any CPU
		{671D24E9-A7E8-4DD4-B825-EDAEEC95205E}.Debug|Any CPU.Build.0 = Debug|Any CPU
		{671D24E9-A7E8-4DD4-B825-EDAEEC95205E}.Release|Any CPU.ActiveCfg = Release|Any CPU
		{671D24E9-A7E8-4DD4-B825-EDAEEC95205E}.Release|Any CPU.Build.0 = Release|Any CPU
		{015F52E4-3C43-4FD4-B63B-17F9CE8614C0}.Debug|Any CPU.ActiveCfg = Debug|Any CPU
		{015F52E4-3C43-4FD4-B63B-17F9CE8614C0}.Debug|Any CPU.Build.0 = Debug|Any CPU
		{015F52E4-3C43-4FD4-B63B-17F9CE8614C0}.Release|Any CPU.ActiveCfg = Release|Any CPU
		{015F52E4-3C43-4FD4-B63B-17F9CE8614C0}.Release|Any CPU.Build.0 = Release|Any CPU
		{2D5F91AA-5B69-425C-8628-919B7F40977B}.Debug|Any CPU.ActiveCfg = Debug|Any CPU
		{2D5F91AA-5B69-425C-8628-919B7F40977B}.Debug|Any CPU.Build.0 = Debug|Any CPU
		{2D5F91AA-5B69-425C-8628-919B7F40977B}.Release|Any CPU.ActiveCfg = Release|Any CPU
		{2D5F91AA-5B69-425C-8628-919B7F40977B}.Release|Any CPU.Build.0 = Release|Any CPU
		{CFB55F14-D26B-4BB4-A5F0-9BCD9AE8B804}.Debug|Any CPU.ActiveCfg = Debug|Any CPU
		{CFB55F14-D26B-4BB4-A5F0-9BCD9AE8B804}.Debug|Any CPU.Build.0 = Debug|Any CPU
		{CFB55F14-D26B-4BB4-A5F0-9BCD9AE8B804}.Release|Any CPU.ActiveCfg = Release|Any CPU
		{CFB55F14-D26B-4BB4-A5F0-9BCD9AE8B804}.Release|Any CPU.Build.0 = Release|Any CPU
	EndGlobalSection
	GlobalSection(SolutionProperties) = preSolution
		HideSolutionNode = FALSE
	EndGlobalSection
EndGlobal
